// !$*UTF8*$!
{
	archiveVersion = 1;
	classes = {
	};
	objectVersion = 46;
	objects = {

/* Begin PBXBuildFile section */
		AF8937691BE2718E0031B5A1 /* main.m in Sources */ = {isa = PBXBuildFile; fileRef = AF8937681BE2718E0031B5A1 /* main.m */; };
		AF89376C1BE2718E0031B5A1 /* AppDelegate.m in Sources */ = {isa = PBXBuildFile; fileRef = AF89376B1BE2718E0031B5A1 /* AppDelegate.m */; };
		AF8937721BE2718E0031B5A1 /* Main.storyboard in Resources */ = {isa = PBXBuildFile; fileRef = AF8937701BE2718E0031B5A1 /* Main.storyboard */; };
		AF8937741BE2718E0031B5A1 /* Assets.xcassets in Resources */ = {isa = PBXBuildFile; fileRef = AF8937731BE2718E0031B5A1 /* Assets.xcassets */; };
		AF8937771BE2718E0031B5A1 /* LaunchScreen.storyboard in Resources */ = {isa = PBXBuildFile; fileRef = AF8937751BE2718E0031B5A1 /* LaunchScreen.storyboard */; };
		AF8937821BE276770031B5A1 /* HomeTableViewController.m in Sources */ = {isa = PBXBuildFile; fileRef = AF8937811BE276770031B5A1 /* HomeTableViewController.m */; settings = {ASSET_TAGS = (); }; };
		AF8937851BE2F4E50031B5A1 /* DetailTableViewController.m in Sources */ = {isa = PBXBuildFile; fileRef = AF8937841BE2F4E50031B5A1 /* DetailTableViewController.m */; settings = {ASSET_TAGS = (); }; };
		AF8937881BE2F50C0031B5A1 /* LuLuTableViewCell.m in Sources */ = {isa = PBXBuildFile; fileRef = AF8937871BE2F50C0031B5A1 /* LuLuTableViewCell.m */; settings = {ASSET_TAGS = (); }; };
		AFE28B9A1BE6451B0098CB79 /* splash.jpg in Resources */ = {isa = PBXBuildFile; fileRef = AFE28B991BE6451B0098CB79 /* splash.jpg */; settings = {ASSET_TAGS = (); }; };
		AFE28B9D1BE6478A0098CB79 /* UserGuideViewController.m in Sources */ = {isa = PBXBuildFile; fileRef = AFE28B9C1BE6478A0098CB79 /* UserGuideViewController.m */; settings = {ASSET_TAGS = (); }; };
		AFE425271BE51AED0003EA33 /* guangtouq.png in Resources */ = {isa = PBXBuildFile; fileRef = AFE425261BE51AED0003EA33 /* guangtouq.png */; settings = {ASSET_TAGS = (); }; };
/* End PBXBuildFile section */

/* Begin PBXFileReference section */
		AF8937641BE2718E0031B5A1 /* TableViewDemo1.app */ = {isa = PBXFileReference; explicitFileType = wrapper.application; includeInIndex = 0; path = TableViewDemo1.app; sourceTree = BUILT_PRODUCTS_DIR; };
		AF8937681BE2718E0031B5A1 /* main.m */ = {isa = PBXFileReference; lastKnownFileType = sourcecode.c.objc; path = main.m; sourceTree = "<group>"; };
		AF89376A1BE2718E0031B5A1 /* AppDelegate.h */ = {isa = PBXFileReference; lastKnownFileType = sourcecode.c.h; path = AppDelegate.h; sourceTree = "<group>"; };
		AF89376B1BE2718E0031B5A1 /* AppDelegate.m */ = {isa = PBXFileReference; lastKnownFileType = sourcecode.c.objc; path = AppDelegate.m; sourceTree = "<group>"; };
		AF8937711BE2718E0031B5A1 /* Base */ = {isa = PBXFileReference; lastKnownFileType = file.storyboard; name = Base; path = Base.lproj/Main.storyboard; sourceTree = "<group>"; };
		AF8937731BE2718E0031B5A1 /* Assets.xcassets */ = {isa = PBXFileReference; lastKnownFileType = folder.assetcatalog; path = Assets.xcassets; sourceTree = "<group>"; };
		AF8937761BE2718E0031B5A1 /* Base */ = {isa = PBXFileReference; lastKnownFileType = file.storyboard; name = Base; path = Base.lproj/LaunchScreen.storyboard; sourceTree = "<group>"; };
		AF8937781BE2718E0031B5A1 /* Info.plist */ = {isa = PBXFileReference; lastKnownFileType = text.plist.xml; path = Info.plist; sourceTree = "<group>"; };
		AF8937801BE276770031B5A1 /* HomeTableViewController.h */ = {isa = PBXFileReference; fileEncoding = 4; lastKnownFileType = sourcecode.c.h; path = HomeTableViewController.h; sourceTree = "<group>"; };
		AF8937811BE276770031B5A1 /* HomeTableViewController.m */ = {isa = PBXFileReference; fileEncoding = 4; lastKnownFileType = sourcecode.c.objc; path = HomeTableViewController.m; sourceTree = "<group>"; };
		AF8937831BE2F4E50031B5A1 /* DetailTableViewController.h */ = {isa = PBXFileReference; fileEncoding = 4; lastKnownFileType = sourcecode.c.h; path = DetailTableViewController.h; sourceTree = "<group>"; };
		AF8937841BE2F4E50031B5A1 /* DetailTableViewController.m */ = {isa = PBXFileReference; fileEncoding = 4; lastKnownFileType = sourcecode.c.objc; path = DetailTableViewController.m; sourceTree = "<group>"; };
		AF8937861BE2F50C0031B5A1 /* LuLuTableViewCell.h */ = {isa = PBXFileReference; fileEncoding = 4; lastKnownFileType = sourcecode.c.h; path = LuLuTableViewCell.h; sourceTree = "<group>"; };
		AF8937871BE2F50C0031B5A1 /* LuLuTableViewCell.m */ = {isa = PBXFileReference; fileEncoding = 4; lastKnownFileType = sourcecode.c.objc; path = LuLuTableViewCell.m; sourceTree = "<group>"; };
		AFE28B991BE6451B0098CB79 /* splash.jpg */ = {isa = PBXFileReference; lastKnownFileType = image.jpeg; path = splash.jpg; sourceTree = "<group>"; };
		AFE28B9B1BE6478A0098CB79 /* UserGuideViewController.h */ = {isa = PBXFileReference; fileEncoding = 4; lastKnownFileType = sourcecode.c.h; path = UserGuideViewController.h; sourceTree = "<group>"; };
		AFE28B9C1BE6478A0098CB79 /* UserGuideViewController.m */ = {isa = PBXFileReference; fileEncoding = 4; lastKnownFileType = sourcecode.c.objc; path = UserGuideViewController.m; sourceTree = "<group>"; };
		AFE425261BE51AED0003EA33 /* guangtouq.png */ = {isa = PBXFileReference; lastKnownFileType = image.png; path = guangtouq.png; sourceTree = "<group>"; };
/* End PBXFileReference section */

/* Begin PBXFrameworksBuildPhase section */
		AF8937611BE2718E0031B5A1 /* Frameworks */ = {
			isa = PBXFrameworksBuildPhase;
			buildActionMask = 2147483647;
			files = (
			);
			runOnlyForDeploymentPostprocessing = 0;
		};
/* End PBXFrameworksBuildPhase section */

/* Begin PBXGroup section */
		AF89375B1BE2718E0031B5A1 = {
			isa = PBXGroup;
			children = (
				AF8937661BE2718E0031B5A1 /* TableViewDemo1 */,
				AF8937651BE2718E0031B5A1 /* Products */,
			);
			sourceTree = "<group>";
		};
		AF8937651BE2718E0031B5A1 /* Products */ = {
			isa = PBXGroup;
			children = (
				AF8937641BE2718E0031B5A1 /* TableViewDemo1.app */,
			);
			name = Products;
			sourceTree = "<group>";
		};
		AF8937661BE2718E0031B5A1 /* TableViewDemo1 */ = {
			isa = PBXGroup;
			children = (
				AFE425231BE51A280003EA33 /* Assets */,
				AF89377F1BE2763E0031B5A1 /* View */,
				AF89377E1BE276230031B5A1 /* ViewController */,
				AF89376A1BE2718E0031B5A1 /* AppDelegate.h */,
				AF89376B1BE2718E0031B5A1 /* AppDelegate.m */,
				AF8937731BE2718E0031B5A1 /* Assets.xcassets */,
				AF8937751BE2718E0031B5A1 /* LaunchScreen.storyboard */,
				AF8937781BE2718E0031B5A1 /* Info.plist */,
				AF8937671BE2718E0031B5A1 /* Supporting Files */,
			);
			path = TableViewDemo1;
			sourceTree = "<group>";
		};
		AF8937671BE2718E0031B5A1 /* Supporting Files */ = {
			isa = PBXGroup;
			children = (
				AF8937681BE2718E0031B5A1 /* main.m */,
			);
			name = "Supporting Files";
			sourceTree = "<group>";
		};
		AF89377E1BE276230031B5A1 /* ViewController */ = {
			isa = PBXGroup;
			children = (
				AF8937801BE276770031B5A1 /* HomeTableViewController.h */,
				AF8937811BE276770031B5A1 /* HomeTableViewController.m */,
				AF8937831BE2F4E50031B5A1 /* DetailTableViewController.h */,
				AF8937841BE2F4E50031B5A1 /* DetailTableViewController.m */,
				AF8937861BE2F50C0031B5A1 /* LuLuTableViewCell.h */,
				AF8937871BE2F50C0031B5A1 /* LuLuTableViewCell.m */,
				AFE28B9B1BE6478A0098CB79 /* UserGuideViewController.h */,
				AFE28B9C1BE6478A0098CB79 /* UserGuideViewController.m */,
			);
			name = ViewController;
			sourceTree = "<group>";
		};
		AF89377F1BE2763E0031B5A1 /* View */ = {
			isa = PBXGroup;
			children = (
				AF8937701BE2718E0031B5A1 /* Main.storyboard */,
			);
			name = View;
			sourceTree = "<group>";
		};
		AFE425231BE51A280003EA33 /* Assets */ = {
			isa = PBXGroup;
			children = (
				AFE425241BE51A350003EA33 /* Resouces */,
			);
			name = Assets;
			sourceTree = "<group>";
		};
		AFE425241BE51A350003EA33 /* Resouces */ = {
			isa = PBXGroup;
			children = (
				AFE425251BE51A3F0003EA33 /* Images */,
			);
			name = Resouces;
			sourceTree = "<group>";
		};
		AFE425251BE51A3F0003EA33 /* Images */ = {
			isa = PBXGroup;
			children = (
				AFE28B991BE6451B0098CB79 /* splash.jpg */,
				AFE425261BE51AED0003EA33 /* guangtouq.png */,
			);
			name = Images;
			sourceTree = "<group>";
		};
/* End PBXGroup section */

/* Begin PBXNativeTarget section */
		AF8937631BE2718E0031B5A1 /* TableViewDemo1 */ = {
			isa = PBXNativeTarget;
			buildConfigurationList = AF89377B1BE2718E0031B5A1 /* Build configuration list for PBXNativeTarget "TableViewDemo1" */;
			buildPhases = (
				AF8937601BE2718E0031B5A1 /* Sources */,
				AF8937611BE2718E0031B5A1 /* Frameworks */,
				AF8937621BE2718E0031B5A1 /* Resources */,
			);
			buildRules = (
			);
			dependencies = (
			);
			name = TableViewDemo1;
			productName = TableViewDemo1;
			productReference = AF8937641BE2718E0031B5A1 /* TableViewDemo1.app */;
			productType = "com.apple.product-type.application";
		};
/* End PBXNativeTarget section */

/* Begin PBXProject section */
		AF89375C1BE2718E0031B5A1 /* Project object */ = {
			isa = PBXProject;
			attributes = {
				LastUpgradeCheck = 0700;
				ORGANIZATIONNAME = cdlulu;
				TargetAttributes = {
					AF8937631BE2718E0031B5A1 = {
						CreatedOnToolsVersion = 7.0;
					};
				};
			};
			buildConfigurationList = AF89375F1BE2718E0031B5A1 /* Build configuration list for PBXProject "TableViewDemo1" */;
			compatibilityVersion = "Xcode 3.2";
			developmentRegion = English;
			hasScannedForEncodings = 0;
			knownRegions = (
				en,
				Base,
			);
			mainGroup = AF89375B1BE2718E0031B5A1;
			productRefGroup = AF8937651BE2718E0031B5A1 /* Products */;
			projectDirPath = "";
			projectRoot = "";
			targets = (
				AF8937631BE2718E0031B5A1 /* TableViewDemo1 */,
			);
		};
/* End PBXProject section */

/* Begin PBXResourcesBuildPhase section */
		AF8937621BE2718E0031B5A1 /* Resources */ = {
			isa = PBXResourcesBuildPhase;
			buildActionMask = 2147483647;
			files = (
				AF8937771BE2718E0031B5A1 /* LaunchScreen.storyboard in Resources */,
				AFE425271BE51AED0003EA33 /* guangtouq.png in Resources */,
				AF8937741BE2718E0031B5A1 /* Assets.xcassets in Resources */,
				AFE28B9A1BE6451B0098CB79 /* splash.jpg in Resources */,
				AF8937721BE2718E0031B5A1 /* Main.storyboard in Resources */,
			);
			runOnlyForDeploymentPostprocessing = 0;
		};
/* End PBXResourcesBuildPhase section */

/* Begin PBXSourcesBuildPhase section */
		AF8937601BE2718E0031B5A1 /* Sources */ = {
			isa = PBXSourcesBuildPhase;
			buildActionMask = 2147483647;
			files = (
				AF8937881BE2F50C0031B5A1 /* LuLuTableViewCell.m in Sources */,
				AF8937851BE2F4E50031B5A1 /* DetailTableViewController.m in Sources */,
				AF89376C1BE2718E0031B5A1 /* AppDelegate.m in Sources */,
				AF8937821BE276770031B5A1 /* HomeTableViewController.m in Sources */,
				AFE28B9D1BE6478A0098CB79 /* UserGuideViewController.m in Sources */,
				AF8937691BE2718E0031B5A1 /* main.m in Sources */,
			);
			runOnlyForDeploymentPostprocessing = 0;
		};
/* End PBXSourcesBuildPhase section */

/* Begin PBXVariantGroup section */
		AF8937701BE2718E0031B5A1 /* Main.storyboard */ = {
			isa = PBXVariantGroup;
			children = (
				AF8937711BE2718E0031B5A1 /* Base */,
			);
			name = Main.storyboard;
			sourceTree = "<group>";
		};
		AF8937751BE2718E0031B5A1 /* LaunchScreen.storyboard */ = {
			isa = PBXVariantGroup;
			children = (
				AF8937761BE2718E0031B5A1 /* Base */,
			);
			name = LaunchScreen.storyboard;
			sourceTree = "<group>";
		};
/* End PBXVariantGroup section */

/* Begin XCBuildConfiguration section */
		AF8937791BE2718E0031B5A1 /* Debug */ = {
			isa = XCBuildConfiguration;
			buildSettings = {
				ALWAYS_SEARCH_USER_PATHS = NO;
				CLANG_CXX_LANGUAGE_STANDARD = "gnu++0x";
				CLANG_CXX_LIBRARY = "libc++";
				CLANG_ENABLE_MODULES = YES;
				CLANG_ENABLE_OBJC_ARC = YES;
				CLANG_WARN_BOOL_CONVERSION = YES;
				CLANG_WARN_CONSTANT_CONVERSION = YES;
				CLANG_WARN_DIRECT_OBJC_ISA_USAGE = YES_ERROR;
				CLANG_WARN_EMPTY_BODY = YES;
				CLANG_WARN_ENUM_CONVERSION = YES;
				CLANG_WARN_INT_CONVERSION = YES;
				CLANG_WARN_OBJC_ROOT_CLASS = YES_ERROR;
				CLANG_WARN_UNREACHABLE_CODE = YES;
				CLANG_WARN__DUPLICATE_METHOD_MATCH = YES;
				"CODE_SIGN_IDENTITY[sdk=iphoneos*]" = "iPhone Developer";
				COPY_PHASE_STRIP = NO;
				DEBUG_INFORMATION_FORMAT = dwarf;
				ENABLE_STRICT_OBJC_MSGSEND = YES;
				ENABLE_TESTABILITY = YES;
				GCC_C_LANGUAGE_STANDARD = gnu99;
				GCC_DYNAMIC_NO_PIC = NO;
				GCC_NO_COMMON_BLOCKS = YES;
				GCC_OPTIMIZATION_LEVEL = 0;
				GCC_PREPROCESSOR_DEFINITIONS = (
					"DEBUG=1",
					"$(inherited)",
				);
				GCC_WARN_64_TO_32_BIT_CONVERSION = YES;
				GCC_WARN_ABOUT_RETURN_TYPE = YES_ERROR;
				GCC_WARN_UNDECLARED_SELECTOR = YES;
				GCC_WARN_UNINITIALIZED_AUTOS = YES_AGGRESSIVE;
				GCC_WARN_UNUSED_FUNCTION = YES;
				GCC_WARN_UNUSED_VARIABLE = YES;
				IPHONEOS_DEPLOYMENT_TARGET = 9.0;
				MTL_ENABLE_DEBUG_INFO = YES;
				ONLY_ACTIVE_ARCH = YES;
				SDKROOT = iphoneos;
				TARGETED_DEVICE_FAMILY = 2;
			};
			name = Debug;
		};
		AF89377A1BE2718E0031B5A1 /* Release */ = {
			isa = XCBuildConfiguration;
			buildSettings = {
				ALWAYS_SEARCH_USER_PATHS = NO;
				CLANG_CXX_LANGUAGE_STANDARD = "gnu++0x";
				CLANG_CXX_LIBRARY = "libc++";
				CLANG_ENABLE_MODULES = YES;
				CLANG_ENABLE_OBJC_ARC = YES;
				CLANG_WARN_BOOL_CONVERSION = YES;
				CLANG_WARN_CONSTANT_CONVERSION = YES;
				CLANG_WARN_DIRECT_OBJC_ISA_USAGE = YES_ERROR;
				CLANG_WARN_EMPTY_BODY = YES;
				CLANG_WARN_ENUM_CONVERSION = YES;
				CLANG_WARN_INT_CONVERSION = YES;
				CLANG_WARN_OBJC_ROOT_CLASS = YES_ERROR;
				CLANG_WARN_UNREACHABLE_CODE = YES;
				CLANG_WARN__DUPLICATE_METHOD_MATCH = YES;
				"CODE_SIGN_IDENTITY[sdk=iphoneos*]" = "iPhone Developer";
				COPY_PHASE_STRIP = NO;
				DEBUG_INFORMATION_FORMAT = "dwarf-with-dsym";
				ENABLE_NS_ASSERTIONS = NO;
				ENABLE_STRICT_OBJC_MSGSEND = YES;
				GCC_C_LANGUAGE_STANDARD = gnu99;
				GCC_NO_COMMON_BLOCKS = YES;
				GCC_WARN_64_TO_32_BIT_CONVERSION = YES;
				GCC_WARN_ABOUT_RETURN_TYPE = YES_ERROR;
				GCC_WARN_UNDECLARED_SELECTOR = YES;
				GCC_WARN_UNINITIALIZED_AUTOS = YES_AGGRESSIVE;
				GCC_WARN_UNUSED_FUNCTION = YES;
				GCC_WARN_UNUSED_VARIABLE = YES;
				IPHONEOS_DEPLOYMENT_TARGET = 9.0;
				MTL_ENABLE_DEBUG_INFO = NO;
				SDKROOT = iphoneos;
				TARGETED_DEVICE_FAMILY = 2;
				VALIDATE_PRODUCT = YES;
			};
			name = Release;
		};
		AF89377C1BE2718E0031B5A1 /* Debug */ = {
			isa = XCBuildConfiguration;
			buildSettings = {
				ASSETCATALOG_COMPILER_APPICON_NAME = AppIcon;
				INFOPLIST_FILE = TableViewDemo1/Info.plist;
				LD_RUNPATH_SEARCH_PATHS = "$(inherited) @executable_path/Frameworks";
				PRODUCT_BUNDLE_IDENTIFIER = cn.huntjobs.TableViewDemo1;
				PRODUCT_NAME = "$(TARGET_NAME)";
				TARGETED_DEVICE_FAMILY = 1;
			};
			name = Debug;
		};
		AF89377D1BE2718E0031B5A1 /* Release */ = {
			isa = XCBuildConfiguration;
			buildSettings = {
				ASSETCATALOG_COMPILER_APPICON_NAME = AppIcon;
				INFOPLIST_FILE = TableViewDemo1/Info.plist;
				LD_RUNPATH_SEARCH_PATHS = "$(inherited) @executable_path/Frameworks";
				PRODUCT_BUNDLE_IDENTIFIER = cn.huntjobs.TableViewDemo1;
				PRODUCT_NAME = "$(TARGET_NAME)";
				TARGETED_DEVICE_FAMILY = 1;
			};
			name = Release;
		};
/* End XCBuildConfiguration section */

/* Begin XCConfigurationList section */
		AF89375F1BE2718E0031B5A1 /* Build configuration list for PBXProject "TableViewDemo1" */ = {
			isa = XCConfigurationList;
			buildConfigurations = (
				AF8937791BE2718E0031B5A1 /* Debug */,
				AF89377A1BE2718E0031B5A1 /* Release */,
			);
			defaultConfigurationIsVisible = 0;
			defaultConfigurationName = Release;
		};
		AF89377B1BE2718E0031B5A1 /* Build configuration list for PBXNativeTarget "TableViewDemo1" */ = {
			isa = XCConfigurationList;
			buildConfigurations = (
				AF89377C1BE2718E0031B5A1 /* Debug */,
				AF89377D1BE2718E0031B5A1 /* Release */,
			);
			defaultConfigurationIsVisible = 0;
			defaultConfigurationName = Release;
		};
/* End XCConfigurationList section */
	};
	rootObject = AF89375C1BE2718E0031B5A1 /* Project object */;
}
